
Microsoft Visual Studio Solution File, Format Version 12.00
# Visual Studio Version 17
VisualStudioVersion = 17.10.35122.118
MinimumVisualStudioVersion = 10.0.40219.1
Project("{FAE04EC0-301F-11D3-BF4B-00C04F79EFBC}") = "L02Opg2", "SysIntegration1\L02Opg2.csproj", "{6C1B0FC9-F3DA-425B-8D5C-407AB5E6462C}"
EndProject
Project("{FAE04EC0-301F-11D3-BF4B-00C04F79EFBC}") = "L02Opg5", "Opg5\L02Opg5.csproj", "{FD8B4EE6-8A8E-48D2-A34B-8309F053AC58}"
EndProject
Project("{FAE04EC0-301F-11D3-BF4B-00C04F79EFBC}") = "L02Opg6", "Opg6\L02Opg6.csproj", "{AE611584-216A-4052-B862-728E4232F114}"
EndProject
Project("{FAE04EC0-301F-11D3-BF4B-00C04F79EFBC}") = "L07Opg2", "L07Opg2\L07Opg2.csproj", "{D01B357A-A2E2-4D2D-A6F7-5C3469A754FC}"
EndProject
Project("{FAE04EC0-301F-11D3-BF4B-00C04F79EFBC}") = "L07Opg3", "L07Opg3\L07Opg3.csproj", "{8FCF99AA-721F-4971-B32C-9378C5EF4949}"
EndProject
Project("{FAE04EC0-301F-11D3-BF4B-00C04F79EFBC}") = "L07Opg4", "L07Opg4\L07Opg4.csproj", "{BDDF5CDA-1BA9-4B91-9466-5435EF469205}"
EndProject
Project("{FAE04EC0-301F-11D3-BF4B-00C04F79EFBC}") = "L08Opg2", "L08Opg2\L08Opg2.csproj", "{BDE916FC-11F5-4780-A30F-F17261D99502}"
EndProject
Project("{FAE04EC0-301F-11D3-BF4B-00C04F79EFBC}") = "L09Opg1", "L09Opg1\L09Opg1.csproj", "{3F0C00B8-706E-4933-AE89-D82373061E61}"
EndProject
Project("{FAE04EC0-301F-11D3-BF4B-00C04F79EFBC}") = "L09Opg3", "L09Opg3\L09Opg3.csproj", "{650A457B-E9A2-485D-877D-DD250B7E564C}"
EndProject
Project("{FAE04EC0-301F-11D3-BF4B-00C04F79EFBC}") = "L10Opg3", "L10Opg3\L10Opg3.csproj", "{FC9587DD-A97F-4D5D-ABAF-BB4F760E60CF}"
EndProject
Project("{FAE04EC0-301F-11D3-BF4B-00C04F79EFBC}") = "L13Opg3", "L13Opg3\L13Opg3.csproj", "{6D123B78-F12A-46A7-8CF5-849F642456F2}"
EndProject
Project("{FAE04EC0-301F-11D3-BF4B-00C04F79EFBC}") = "L13Opg5", "L13Opg5\L13Opg5.csproj", "{76AA43D3-2D30-4F11-AA8E-B46FCACA0756}"
EndProject
Project("{FAE04EC0-301F-11D3-BF4B-00C04F79EFBC}") = "L14Opg1", "L14Opg1\L14Opg1.csproj", "{B2012C2F-4D9D-4E33-8A93-D6630219CF16}"
EndProject
Project("{FAE04EC0-301F-11D3-BF4B-00C04F79EFBC}") = "L14Opg2", "L14Opg2\L14Opg2.csproj", "{A5AA94D5-B66E-42F4-8188-6954F780213F}"
EndProject
Project("{FAE04EC0-301F-11D3-BF4B-00C04F79EFBC}") = "L16Opg1", "L16Opg1\L16Opg1.csproj", "{935D40AF-09B5-406E-9836-248C22BB5B28}"
EndProject
Project("{FAE04EC0-301F-11D3-BF4B-00C04F79EFBC}") = "L16Opg2", "L16Opg2\L16Opg2.csproj", "{2CE5C744-80AA-4D64-BB73-0B1AF9171EBA}"
EndProject
Project("{FAE04EC0-301F-11D3-BF4B-00C04F79EFBC}") = "L16Opg3", "L16Opg3\L16Opg3.csproj", "{6F99CA0F-27EC-4FC1-8A8C-D953E91ED480}"
EndProject
Project("{FAE04EC0-301F-11D3-BF4B-00C04F79EFBC}") = "L17Opg1", "L17Opg1\L17Opg1.csproj", "{62339977-25BB-4560-90BB-26E1546277C5}"
EndProject
Project("{FAE04EC0-301F-11D3-BF4B-00C04F79EFBC}") = "L17Opg2", "L17Opg2\L17Opg2.csproj", "{F96CFE75-21A3-40E9-B187-1EAFD70A9936}"
EndProject
Project("{FAE04EC0-301F-11D3-BF4B-00C04F79EFBC}") = "EksamensprojektOpg3-2", "EksamensprojektOpg3-2\EksamensprojektOpg3-2.csproj", "{E1CE9153-04DA-4AC3-86E5-4574FC78BC19}"
EndProject
Global
	GlobalSection(SolutionConfigurationPlatforms) = preSolution
		Debug|Any CPU = Debug|Any CPU
		Release|Any CPU = Release|Any CPU
	EndGlobalSection
	GlobalSection(ProjectConfigurationPlatforms) = postSolution
		{6C1B0FC9-F3DA-425B-8D5C-407AB5E6462C}.Debug|Any CPU.ActiveCfg = Debug|Any CPU
		{6C1B0FC9-F3DA-425B-8D5C-407AB5E6462C}.Debug|Any CPU.Build.0 = Debug|Any CPU
		{6C1B0FC9-F3DA-425B-8D5C-407AB5E6462C}.Release|Any CPU.ActiveCfg = Release|Any CPU
		{6C1B0FC9-F3DA-425B-8D5C-407AB5E6462C}.Release|Any CPU.Build.0 = Release|Any CPU
		{FD8B4EE6-8A8E-48D2-A34B-8309F053AC58}.Debug|Any CPU.ActiveCfg = Debug|Any CPU
		{FD8B4EE6-8A8E-48D2-A34B-8309F053AC58}.Debug|Any CPU.Build.0 = Debug|Any CPU
		{FD8B4EE6-8A8E-48D2-A34B-8309F053AC58}.Release|Any CPU.ActiveCfg = Release|Any CPU
		{FD8B4EE6-8A8E-48D2-A34B-8309F053AC58}.Release|Any CPU.Build.0 = Release|Any CPU
		{AE611584-216A-4052-B862-728E4232F114}.Debug|Any CPU.ActiveCfg = Debug|Any CPU
		{AE611584-216A-4052-B862-728E4232F114}.Debug|Any CPU.Build.0 = Debug|Any CPU
		{AE611584-216A-4052-B862-728E4232F114}.Release|Any CPU.ActiveCfg = Release|Any CPU
		{AE611584-216A-4052-B862-728E4232F114}.Release|Any CPU.Build.0 = Release|Any CPU
		{D01B357A-A2E2-4D2D-A6F7-5C3469A754FC}.Debug|Any CPU.ActiveCfg = Debug|Any CPU
		{D01B357A-A2E2-4D2D-A6F7-5C3469A754FC}.Debug|Any CPU.Build.0 = Debug|Any CPU
		{D01B357A-A2E2-4D2D-A6F7-5C3469A754FC}.Release|Any CPU.ActiveCfg = Release|Any CPU
		{D01B357A-A2E2-4D2D-A6F7-5C3469A754FC}.Release|Any CPU.Build.0 = Release|Any CPU
		{8FCF99AA-721F-4971-B32C-9378C5EF4949}.Debug|Any CPU.ActiveCfg = Debug|Any CPU
		{8FCF99AA-721F-4971-B32C-9378C5EF4949}.Debug|Any CPU.Build.0 = Debug|Any CPU
		{8FCF99AA-721F-4971-B32C-9378C5EF4949}.Release|Any CPU.ActiveCfg = Release|Any CPU
		{8FCF99AA-721F-4971-B32C-9378C5EF4949}.Release|Any CPU.Build.0 = Release|Any CPU
		{BDDF5CDA-1BA9-4B91-9466-5435EF469205}.Debug|Any CPU.ActiveCfg = Debug|Any CPU
		{BDDF5CDA-1BA9-4B91-9466-5435EF469205}.Debug|Any CPU.Build.0 = Debug|Any CPU
		{BDDF5CDA-1BA9-4B91-9466-5435EF469205}.Release|Any CPU.ActiveCfg = Release|Any CPU
		{BDDF5CDA-1BA9-4B91-9466-5435EF469205}.Release|Any CPU.Build.0 = Release|Any CPU
		{BDE916FC-11F5-4780-A30F-F17261D99502}.Debug|Any CPU.ActiveCfg = Debug|Any CPU
		{BDE916FC-11F5-4780-A30F-F17261D99502}.Debug|Any CPU.Build.0 = Debug|Any CPU
		{BDE916FC-11F5-4780-A30F-F17261D99502}.Release|Any CPU.ActiveCfg = Release|Any CPU
		{BDE916FC-11F5-4780-A30F-F17261D99502}.Release|Any CPU.Build.0 = Release|Any CPU
		{3F0C00B8-706E-4933-AE89-D82373061E61}.Debug|Any CPU.ActiveCfg = Debug|Any CPU
		{3F0C00B8-706E-4933-AE89-D82373061E61}.Debug|Any CPU.Build.0 = Debug|Any CPU
		{3F0C00B8-706E-4933-AE89-D82373061E61}.Release|Any CPU.ActiveCfg = Release|Any CPU
		{3F0C00B8-706E-4933-AE89-D82373061E61}.Release|Any CPU.Build.0 = Release|Any CPU
		{650A457B-E9A2-485D-877D-DD250B7E564C}.Debug|Any CPU.ActiveCfg = Debug|Any CPU
		{650A457B-E9A2-485D-877D-DD250B7E564C}.Debug|Any CPU.Build.0 = Debug|Any CPU
		{650A457B-E9A2-485D-877D-DD250B7E564C}.Release|Any CPU.ActiveCfg = Release|Any CPU
		{650A457B-E9A2-485D-877D-DD250B7E564C}.Release|Any CPU.Build.0 = Release|Any CPU
		{FC9587DD-A97F-4D5D-ABAF-BB4F760E60CF}.Debug|Any CPU.ActiveCfg = Debug|Any CPU
		{FC9587DD-A97F-4D5D-ABAF-BB4F760E60CF}.Debug|Any CPU.Build.0 = Debug|Any CPU
		{FC9587DD-A97F-4D5D-ABAF-BB4F760E60CF}.Release|Any CPU.ActiveCfg = Release|Any CPU
		{FC9587DD-A97F-4D5D-ABAF-BB4F760E60CF}.Release|Any CPU.Build.0 = Release|Any CPU
		{6D123B78-F12A-46A7-8CF5-849F642456F2}.Debug|Any CPU.ActiveCfg = Debug|Any CPU
		{6D123B78-F12A-46A7-8CF5-849F642456F2}.Debug|Any CPU.Build.0 = Debug|Any CPU
		{6D123B78-F12A-46A7-8CF5-849F642456F2}.Release|Any CPU.ActiveCfg = Release|Any CPU
		{6D123B78-F12A-46A7-8CF5-849F642456F2}.Release|Any CPU.Build.0 = Release|Any CPU
		{76AA43D3-2D30-4F11-AA8E-B46FCACA0756}.Debug|Any CPU.ActiveCfg = Debug|Any CPU
		{76AA43D3-2D30-4F11-AA8E-B46FCACA0756}.Debug|Any CPU.Build.0 = Debug|Any CPU
		{76AA43D3-2D30-4F11-AA8E-B46FCACA0756}.Release|Any CPU.ActiveCfg = Release|Any CPU
		{76AA43D3-2D30-4F11-AA8E-B46FCACA0756}.Release|Any CPU.Build.0 = Release|Any CPU
		{B2012C2F-4D9D-4E33-8A93-D6630219CF16}.Debug|Any CPU.ActiveCfg = Debug|Any CPU
		{B2012C2F-4D9D-4E33-8A93-D6630219CF16}.Debug|Any CPU.Build.0 = Debug|Any CPU
		{B2012C2F-4D9D-4E33-8A93-D6630219CF16}.Release|Any CPU.ActiveCfg = Release|Any CPU
		{B2012C2F-4D9D-4E33-8A93-D6630219CF16}.Release|Any CPU.Build.0 = Release|Any CPU
		{A5AA94D5-B66E-42F4-8188-6954F780213F}.Debug|Any CPU.ActiveCfg = Debug|Any CPU
		{A5AA94D5-B66E-42F4-8188-6954F780213F}.Debug|Any CPU.Build.0 = Debug|Any CPU
		{A5AA94D5-B66E-42F4-8188-6954F780213F}.Release|Any CPU.ActiveCfg = Release|Any CPU
		{A5AA94D5-B66E-42F4-8188-6954F780213F}.Release|Any CPU.Build.0 = Release|Any CPU
		{935D40AF-09B5-406E-9836-248C22BB5B28}.Debug|Any CPU.ActiveCfg = Debug|Any CPU
		{935D40AF-09B5-406E-9836-248C22BB5B28}.Debug|Any CPU.Build.0 = Debug|Any CPU
		{935D40AF-09B5-406E-9836-248C22BB5B28}.Release|Any CPU.ActiveCfg = Release|Any CPU
		{935D40AF-09B5-406E-9836-248C22BB5B28}.Release|Any CPU.Build.0 = Release|Any CPU
		{2CE5C744-80AA-4D64-BB73-0B1AF9171EBA}.Debug|Any CPU.ActiveCfg = Debug|Any CPU
		{2CE5C744-80AA-4D64-BB73-0B1AF9171EBA}.Debug|Any CPU.Build.0 = Debug|Any CPU
		{2CE5C744-80AA-4D64-BB73-0B1AF9171EBA}.Release|Any CPU.ActiveCfg = Release|Any CPU
		{2CE5C744-80AA-4D64-BB73-0B1AF9171EBA}.Release|Any CPU.Build.0 = Release|Any CPU
		{6F99CA0F-27EC-4FC1-8A8C-D953E91ED480}.Debug|Any CPU.ActiveCfg = Debug|Any CPU
		{6F99CA0F-27EC-4FC1-8A8C-D953E91ED480}.Debug|Any CPU.Build.0 = Debug|Any CPU
		{6F99CA0F-27EC-4FC1-8A8C-D953E91ED480}.Release|Any CPU.ActiveCfg = Release|Any CPU
		{6F99CA0F-27EC-4FC1-8A8C-D953E91ED480}.Release|Any CPU.Build.0 = Release|Any CPU
		{62339977-25BB-4560-90BB-26E1546277C5}.Debug|Any CPU.ActiveCfg = Debug|Any CPU
		{62339977-25BB-4560-90BB-26E1546277C5}.Debug|Any CPU.Build.0 = Debug|Any CPU
		{62339977-25BB-4560-90BB-26E1546277C5}.Release|Any CPU.ActiveCfg = Release|Any CPU
		{62339977-25BB-4560-90BB-26E1546277C5}.Release|Any CPU.Build.0 = Release|Any CPU
		{F96CFE75-21A3-40E9-B187-1EAFD70A9936}.Debug|Any CPU.ActiveCfg = Debug|Any CPU
		{F96CFE75-21A3-40E9-B187-1EAFD70A9936}.Debug|Any CPU.Build.0 = Debug|Any CPU
		{F96CFE75-21A3-40E9-B187-1EAFD70A9936}.Release|Any CPU.ActiveCfg = Release|Any CPU
		{F96CFE75-21A3-40E9-B187-1EAFD70A9936}.Release|Any CPU.Build.0 = Release|Any CPU
		{E1CE9153-04DA-4AC3-86E5-4574FC78BC19}.Debug|Any CPU.ActiveCfg = Debug|Any CPU
		{E1CE9153-04DA-4AC3-86E5-4574FC78BC19}.Debug|Any CPU.Build.0 = Debug|Any CPU
		{E1CE9153-04DA-4AC3-86E5-4574FC78BC19}.Release|Any CPU.ActiveCfg = Release|Any CPU
		{E1CE9153-04DA-4AC3-86E5-4574FC78BC19}.Release|Any CPU.Build.0 = Release|Any CPU
	EndGlobalSection
	GlobalSection(SolutionProperties) = preSolution
		HideSolutionNode = FALSE
	EndGlobalSection
	GlobalSection(ExtensibilityGlobals) = postSolution
		SolutionGuid = {8ADF20E3-87BD-461A-A69C-70217B79A77D}
	EndGlobalSection
EndGlobal
